{"1.1.0",
[{<<"erl_exercism">>,{pkg,<<"erl_exercism">>,<<"0.1.1">>},0},
 {<<"parse_trans">>,{pkg,<<"parse_trans">>,<<"3.1.0">>},1}]}.
[
{pkg_hash,[
 {<<"erl_exercism">>, <<"26088CEEF3A4A4EDECB7FFAE27F16B0F0E2346B48D49B3DFBDB2553376E96D16">>},
 {<<"parse_trans">>, <<"1BAD3B959941CC53FFD6F4769A5D2666F9CDF179B2D62826636497D3FBAD9EC0">>}]}
].
