
Microsoft Visual Studio Solution File, Format Version 12.00
# Visual Studio 2017
Project("{FAE04EC0-301F-11D3-BF4B-00C04F79EFBC}") = "HelloWorld", "HelloWorld.csproj", "{B32CCB61-51D5-4D74-B4BF-FDC62DAF5B42}"
EndProject
Global
	GlobalSection(SolutionConfigurationPlatforms) = preSolution
		Debug|Any CPU = Debug|Any CPU
		Release|Any CPU = Release|Any CPU
	EndGlobalSection
	GlobalSection(ProjectConfigurationPlatforms) = postSolution
		{B32CCB61-51D5-4D74-B4BF-FDC62DAF5B42}.Debug|Any CPU.ActiveCfg = Debug|Any CPU
		{B32CCB61-51D5-4D74-B4BF-FDC62DAF5B42}.Debug|Any CPU.Build.0 = Debug|Any CPU
		{B32CCB61-51D5-4D74-B4BF-FDC62DAF5B42}.Release|Any CPU.ActiveCfg = Release|Any CPU
		{B32CCB61-51D5-4D74-B4BF-FDC62DAF5B42}.Release|Any CPU.Build.0 = Release|Any CPU
	EndGlobalSection
EndGlobal
